lockfileVersion: '9.0'

settings:
  autoInstallPeers: true
  excludeLinksFromLockfile: false

importers:

  .:
    dependencies:
      std-env:
        specifier: ^3.9.0
        version: 3.9.0

packages:

  std-env@3.9.0:
    resolution: {integrity: sha512-UGvjygr6F6tpH7o2qyqR6QYpwraIjKSdtzyBdyytFOHmPZY917kwdwLG0RbOjWOnKmnm3PeHjaoLLMie7kPLQw==}

snapshots:

  std-env@3.9.0: {}
